
Microsoft Visual Studio Solution File, Format Version 12.00
# Visual Studio 2012
Project("{FAE04EC0-301F-11D3-BF4B-00C04F79EFBC}") = "FullCameraPage", "FullCameraPage.csproj", "{2C8FBD3D-4659-45AA-8BF9-46B945BAD298}"
EndProject
Project("{FAE04EC0-301F-11D3-BF4B-00C04F79EFBC}") = "FullCameraPage.iOS", "iOS\FullCameraPage.iOS.csproj", "{68AE1EAB-C97D-425D-8E87-E96404460CAD}"
EndProject
Project("{FAE04EC0-301F-11D3-BF4B-00C04F79EFBC}") = "FullCameraPage.Droid", "Droid\FullCameraPage.Droid.csproj", "{4C53D054-D6EB-4541-8864-81DEAF37218F}"
EndProject
Global
	GlobalSection(SolutionConfigurationPlatforms) = preSolution
		Debug|Any CPU = Debug|Any CPU
		Release|Any CPU = Release|Any CPU
		Debug|iPhoneSimulator = Debug|iPhoneSimulator
		Release|iPhone = Release|iPhone
		Release|iPhoneSimulator = Release|iPhoneSimulator
		Debug|iPhone = Debug|iPhone
	EndGlobalSection
	GlobalSection(ProjectConfigurationPlatforms) = postSolution
		{2C8FBD3D-4659-45AA-8BF9-46B945BAD298}.Debug|Any CPU.ActiveCfg = Debug|Any CPU
		{2C8FBD3D-4659-45AA-8BF9-46B945BAD298}.Debug|Any CPU.Build.0 = Debug|Any CPU
		{2C8FBD3D-4659-45AA-8BF9-46B945BAD298}.Release|Any CPU.ActiveCfg = Release|Any CPU
		{2C8FBD3D-4659-45AA-8BF9-46B945BAD298}.Release|Any CPU.Build.0 = Release|Any CPU
		{2C8FBD3D-4659-45AA-8BF9-46B945BAD298}.Debug|iPhoneSimulator.ActiveCfg = Debug|Any CPU
		{2C8FBD3D-4659-45AA-8BF9-46B945BAD298}.Debug|iPhoneSimulator.Build.0 = Debug|Any CPU
		{2C8FBD3D-4659-45AA-8BF9-46B945BAD298}.Release|iPhone.ActiveCfg = Release|Any CPU
		{2C8FBD3D-4659-45AA-8BF9-46B945BAD298}.Release|iPhone.Build.0 = Release|Any CPU
		{2C8FBD3D-4659-45AA-8BF9-46B945BAD298}.Release|iPhoneSimulator.ActiveCfg = Release|Any CPU
		{2C8FBD3D-4659-45AA-8BF9-46B945BAD298}.Release|iPhoneSimulator.Build.0 = Release|Any CPU
		{2C8FBD3D-4659-45AA-8BF9-46B945BAD298}.Debug|iPhone.ActiveCfg = Debug|Any CPU
		{2C8FBD3D-4659-45AA-8BF9-46B945BAD298}.Debug|iPhone.Build.0 = Debug|Any CPU
		{68AE1EAB-C97D-425D-8E87-E96404460CAD}.Debug|Any CPU.ActiveCfg = Debug|iPhoneSimulator
		{68AE1EAB-C97D-425D-8E87-E96404460CAD}.Debug|Any CPU.Build.0 = Debug|iPhoneSimulator
		{68AE1EAB-C97D-425D-8E87-E96404460CAD}.Release|Any CPU.ActiveCfg = Release|iPhone
		{68AE1EAB-C97D-425D-8E87-E96404460CAD}.Release|Any CPU.Build.0 = Release|iPhone
		{68AE1EAB-C97D-425D-8E87-E96404460CAD}.Debug|iPhoneSimulator.ActiveCfg = Debug|iPhoneSimulator
		{68AE1EAB-C97D-425D-8E87-E96404460CAD}.Debug|iPhoneSimulator.Build.0 = Debug|iPhoneSimulator
		{68AE1EAB-C97D-425D-8E87-E96404460CAD}.Release|iPhone.ActiveCfg = Release|iPhone
		{68AE1EAB-C97D-425D-8E87-E96404460CAD}.Release|iPhone.Build.0 = Release|iPhone
		{68AE1EAB-C97D-425D-8E87-E96404460CAD}.Release|iPhoneSimulator.ActiveCfg = Release|iPhoneSimulator
		{68AE1EAB-C97D-425D-8E87-E96404460CAD}.Release|iPhoneSimulator.Build.0 = Release|iPhoneSimulator
		{68AE1EAB-C97D-425D-8E87-E96404460CAD}.Debug|iPhone.ActiveCfg = Debug|iPhone
		{68AE1EAB-C97D-425D-8E87-E96404460CAD}.Debug|iPhone.Build.0 = Debug|iPhone
		{4C53D054-D6EB-4541-8864-81DEAF37218F}.Debug|Any CPU.ActiveCfg = Debug|Any CPU
		{4C53D054-D6EB-4541-8864-81DEAF37218F}.Debug|Any CPU.Build.0 = Debug|Any CPU
		{4C53D054-D6EB-4541-8864-81DEAF37218F}.Release|Any CPU.ActiveCfg = Release|Any CPU
		{4C53D054-D6EB-4541-8864-81DEAF37218F}.Release|Any CPU.Build.0 = Release|Any CPU
		{4C53D054-D6EB-4541-8864-81DEAF37218F}.Debug|iPhoneSimulator.ActiveCfg = Debug|Any CPU
		{4C53D054-D6EB-4541-8864-81DEAF37218F}.Debug|iPhoneSimulator.Build.0 = Debug|Any CPU
		{4C53D054-D6EB-4541-8864-81DEAF37218F}.Release|iPhone.ActiveCfg = Release|Any CPU
		{4C53D054-D6EB-4541-8864-81DEAF37218F}.Release|iPhone.Build.0 = Release|Any CPU
		{4C53D054-D6EB-4541-8864-81DEAF37218F}.Release|iPhoneSimulator.ActiveCfg = Release|Any CPU
		{4C53D054-D6EB-4541-8864-81DEAF37218F}.Release|iPhoneSimulator.Build.0 = Release|Any CPU
		{4C53D054-D6EB-4541-8864-81DEAF37218F}.Debug|iPhone.ActiveCfg = Debug|Any CPU
		{4C53D054-D6EB-4541-8864-81DEAF37218F}.Debug|iPhone.Build.0 = Debug|Any CPU
	EndGlobalSection
EndGlobal
